
Microsoft Visual Studio Solution File, Format Version 12.00
# Visual Studio Version 16
VisualStudioVersion = 16.0.29613.14
MinimumVisualStudioVersion = 10.0.40219.1
Project("{9A19103F-16F7-4668-BE54-9A1E7A4F7556}") = "TaskBud.Website", "TaskBud.Website\TaskBud.Website.csproj", "{2F538275-465A-4A02-BADC-64D5F8D474AF}"
EndProject
Project("{9A19103F-16F7-4668-BE54-9A1E7A4F7556}") = "TaskBud.Business", "TaskBud.Business\TaskBud.Business.csproj", "{E0D4FBCF-5227-490B-9077-714EECCC80C4}"
EndProject
Project("{2150E333-8FDC-42A3-9474-1A3956D46DE8}") = "Solution Items", "Solution Items", "{6E0F4418-FE4B-4AD7-8F30-D74ECF12FD4D}"
	ProjectSection(SolutionItems) = preProject
		.editorconfig = .editorconfig
	EndProjectSection
EndProject
Global
	GlobalSection(SolutionConfigurationPlatforms) = preSolution
		Debug|Any CPU = Debug|Any CPU
		Release|Any CPU = Release|Any CPU
	EndGlobalSection
	GlobalSection(ProjectConfigurationPlatforms) = postSolution
		{2F538275-465A-4A02-BADC-64D5F8D474AF}.Debug|Any CPU.ActiveCfg = Debug|Any CPU
		{2F538275-465A-4A02-BADC-64D5F8D474AF}.Debug|Any CPU.Build.0 = Debug|Any CPU
		{2F538275-465A-4A02-BADC-64D5F8D474AF}.Release|Any CPU.ActiveCfg = Release|Any CPU
		{2F538275-465A-4A02-BADC-64D5F8D474AF}.Release|Any CPU.Build.0 = Release|Any CPU
		{E0D4FBCF-5227-490B-9077-714EECCC80C4}.Debug|Any CPU.ActiveCfg = Debug|Any CPU
		{E0D4FBCF-5227-490B-9077-714EECCC80C4}.Debug|Any CPU.Build.0 = Debug|Any CPU
		{E0D4FBCF-5227-490B-9077-714EECCC80C4}.Release|Any CPU.ActiveCfg = Release|Any CPU
		{E0D4FBCF-5227-490B-9077-714EECCC80C4}.Release|Any CPU.Build.0 = Release|Any CPU
	EndGlobalSection
	GlobalSection(SolutionProperties) = preSolution
		HideSolutionNode = FALSE
	EndGlobalSection
	GlobalSection(ExtensibilityGlobals) = postSolution
		SolutionGuid = {B2DA5C52-97E2-4568-B785-2F69D1E81D97}
	EndGlobalSection
EndGlobal
